{
  "name": "scrutineer-site",
  "version": "0.0.1",
  "lockfileVersion": 3,
  "requires": true,
  "packages": {
    "": {
      "name": "scrutineer-site",
      "version": "0.0.1",
      "dependencies": {
        "@asymmetric-effort/specifyjs": "^0.1.1"
      }
    },
    "node_modules/@asymmetric-effort/specifyjs": {
      "version": "0.1.1",
      "resolved": "https://registry.npmjs.org/@asymmetric-effort/specifyjs/-/specifyjs-0.1.1.tgz",
      "integrity": "sha512-e7+EPocnEjgpXMbrLBdYDThW/jMbXlIBG2G3P2FAR2uTUDBQw7aNSAckvDvHrPZvrrutRsYWjhlop7Cov2Pr2g==",
      "engines": {
        "node": ">=18.0.0"
      }
    }
  }
}
