{
  "name": "site",
  "version": "1.0.0",
  "lockfileVersion": 3,
  "requires": true,
  "packages": {
    "": {
      "name": "site",
      "version": "1.0.0",
      "license": "ISC",
      "dependencies": {
        "@asymmetric-effort/specifyjs": "^0.0.6"
      }
    },
    "node_modules/@asymmetric-effort/specifyjs": {
      "version": "0.0.6",
      "resolved": "https://registry.npmjs.org/@asymmetric-effort/specifyjs/-/specifyjs-0.0.6.tgz",
      "integrity": "sha512-qI4vXNnglhLxeH4lRXDnnV+iietkaCwffbiGaKdjXLtzgn5bQF6lbpkKtNTYOV/f5A1bGn2gwrIlKWQTWjUvsA==",
      "engines": {
        "node": ">=18.0.0"
      }
    }
  }
}
