{
  "name": "scrutineer-site",
  "version": "0.0.1",
  "lockfileVersion": 3,
  "requires": true,
  "packages": {
    "": {
      "name": "scrutineer-site",
      "version": "0.0.1",
      "dependencies": {
        "@asymmetric-effort/specifyjs": "^0.2.1"
      }
    },
    "node_modules/@asymmetric-effort/specifyjs": {
      "version": "0.2.1",
      "resolved": "https://registry.npmjs.org/@asymmetric-effort/specifyjs/-/specifyjs-0.2.1.tgz",
      "integrity": "sha512-xGPJBr86+Lqn8HQEvJC89tSfm0hEgkYQYh/lmpM9Ep6Jhj88TRB8C+QvpGWG3kjS8wYpktUdo9Wr3iteotVYDw==",
      "engines": {
        "node": ">=24.0.0"
      }
    }
  }
}
